<Solution>
  <Project Path="LangChain/LangChain.pyproj" Type="888888a0-9f3d-457c-b088-3a5042f75d52" Id="e5ed6e33-d080-4435-ba1d-5337668c271f">
    <Build Project="false" />
  </Project>
  <Project Path="RAG/RAG.pyproj" Type="888888a0-9f3d-457c-b088-3a5042f75d52" Id="2a750806-655c-46d7-b3a1-8c4d173d71b3">
    <Build Project="false" />
  </Project>
  <Project Path="VectorDatabases/VectorDatabases.pyproj" Type="888888a0-9f3d-457c-b088-3a5042f75d52" Id="a0ac7b41-b929-41c0-819e-d9e965fbef40">
    <Build Project="false" />
  </Project>
  <Project Path="WIP/WIP.pyproj" Type="888888a0-9f3d-457c-b088-3a5042f75d52" Id="695a17ea-ee2e-47d0-92d3-bda4721e7a3a">
    <Build Project="false" />
  </Project>
</Solution>
